// !$*UTF8*$!
{
	archiveVersion = 1;
	classes = {
	};
	objectVersion = 56;
	objects = {

/* Begin PBXBuildFile section */
		05A12A1DE4D1166F9A760BA6 /* EditableAttributes.swift in Sources */ = {isa = PBXBuildFile; fileRef = 1DF532824061A9CAAA1A3380 /* EditableAttributes.swift */; };
		05ADC2AEDB3361EECE26C6D1 /* MarkupToolbar.swift in Sources */ = {isa = PBXBuildFile; fileRef = 1F9646BBABEAD66D72D85FF2 /* MarkupToolbar.swift */; };
		0908F816B463C64170DB73DC /* TuistBundle+MarkupEditor.swift in Sources */ = {isa = PBXBuildFile; fileRef = FBB530BE036A0D0D1B58B498 /* TuistBundle+MarkupEditor.swift */; };
		0A356EA72DFD60EAE603CAE0 /* PopoverHostingController.swift in Sources */ = {isa = PBXBuildFile; fileRef = 3D254398FB438C4106A63481 /* PopoverHostingController.swift */; };
		128E074B9CF3ED88789861D7 /* String+Extensions.swift in Sources */ = {isa = PBXBuildFile; fileRef = 6073249CB36CB9E780F90323 /* String+Extensions.swift */; };
		169F694C9E89380BE18CB22D /* MarkupEditor.swift in Sources */ = {isa = PBXBuildFile; fileRef = 96C1318D5ABFD45028D0705E /* MarkupEditor.swift */; };
		16A6461918EA84AD85B7142C /* MarkupToolbarUIView.swift in Sources */ = {isa = PBXBuildFile; fileRef = 0379B7068261CD5DF3F7D7F0 /* MarkupToolbarUIView.swift */; };
		18549B05AD0122AF9440CCF4 /* markup.css in Resources */ = {isa = PBXBuildFile; fileRef = 1E4A696B15F908904A301B06 /* markup.css */; };
		19030818CD0E2CFCAB1A241D /* HtmlDivHolder.swift in Sources */ = {isa = PBXBuildFile; fileRef = ED71E4FEA0ABCF998E22B86C /* HtmlDivHolder.swift */; };
		1F20384A3815794014223125 /* MarkupWKWebView+DivExtensions.swift in Sources */ = {isa = PBXBuildFile; fileRef = 3103B342870A7E57F4DF5097 /* MarkupWKWebView+DivExtensions.swift */; };
		2939224DE542ECC3DE84EB4E /* ToolbarContents.swift in Sources */ = {isa = PBXBuildFile; fileRef = EE83CCCD44C039659AE6EC8B /* ToolbarContents.swift */; };
		31C40D88148ED30704D43FBD /* HtmlDiv.swift in Sources */ = {isa = PBXBuildFile; fileRef = 7B3EE5CED4F83D7179CA0398 /* HtmlDiv.swift */; };
		32ECC71F1542AAA6BB0FF11B /* MarkupWKWebViewRepresentable.swift in Sources */ = {isa = PBXBuildFile; fileRef = EB8F92F8CE2FEE44C9A253F0 /* MarkupWKWebViewRepresentable.swift */; };
		356BC57DBDB9BB7E7714ECFE /* UIView+Extensions.swift in Sources */ = {isa = PBXBuildFile; fileRef = 0B010831D1322B3EFA532909 /* UIView+Extensions.swift */; };
		3CBA9CAB17F3928B15518912 /* MarkupWKWebViewConfiguration.swift in Sources */ = {isa = PBXBuildFile; fileRef = 083A665A897007189E5D2045 /* MarkupWKWebViewConfiguration.swift */; };
		41DB023BD2D9251597FD3494 /* LabeledToolbar.swift in Sources */ = {isa = PBXBuildFile; fileRef = 983468B223FFDA8588FC9647 /* LabeledToolbar.swift */; };
		4B9CB15C60ABE70CD25235CE /* ToolbarButton.swift in Sources */ = {isa = PBXBuildFile; fileRef = E72998AA16969C3C8FDD3C87 /* ToolbarButton.swift */; };
		63E88AC4D1AA16D4AA967902 /* HtmlButton.swift in Sources */ = {isa = PBXBuildFile; fileRef = 6717C728725F6475A10ADC6D /* HtmlButton.swift */; };
		6B6519D00BB601D2E9B8C8BC /* CorrectionToolbar.swift in Sources */ = {isa = PBXBuildFile; fileRef = 577C8BFFECD7C7198AAE6893 /* CorrectionToolbar.swift */; };
		6F4D565E12CAE9E56DCBA353 /* TableToolbar.swift in Sources */ = {isa = PBXBuildFile; fileRef = B49C6CE2FAADFAF1973F720D /* TableToolbar.swift */; };
		767D8C64846F9C373D55C6BE /* SelectionState.swift in Sources */ = {isa = PBXBuildFile; fileRef = A977F5C7EA4B58E37857F607 /* SelectionState.swift */; };
		83DFD7C67BB3E66F49D6D890 /* StyleToolbar.swift in Sources */ = {isa = PBXBuildFile; fileRef = 2190A396F64F416474C41657 /* StyleToolbar.swift */; };
		995DECE0B0C99E466C6D6924 /* markup.html in Resources */ = {isa = PBXBuildFile; fileRef = 61CD94AC2A1C7F1083814FF2 /* markup.html */; };
		9EB9D5FB0290755BF8F02ADF /* MarkupMenu.swift in Sources */ = {isa = PBXBuildFile; fileRef = 37D5744A1807BE336041ECB6 /* MarkupMenu.swift */; };
		A2FB02074A9E1AD725B46F4D /* ForcePopoverModifier.swift in Sources */ = {isa = PBXBuildFile; fileRef = 2428A2080EFA980C7EB83AEA /* ForcePopoverModifier.swift */; };
		A50A71D888D3EAE1FE6739D2 /* markup.js in Resources */ = {isa = PBXBuildFile; fileRef = 3CE739AC2A540D2A52140117 /* markup.js */; };
		B03ECF92D53312F1E9C4842D /* MarkupDelegate.swift in Sources */ = {isa = PBXBuildFile; fileRef = 8220FB891CC090214E1D709F /* MarkupDelegate.swift */; };
		B461D58EE4BC53AB191B4539 /* Icons.swift in Sources */ = {isa = PBXBuildFile; fileRef = B55BB4840D42ECE5DCF20D43 /* Icons.swift */; };
		B897C6F9B150E4857120386B /* LinkViewController.swift in Sources */ = {isa = PBXBuildFile; fileRef = 368FE71C26D676757FC913D0 /* LinkViewController.swift */; };
		C1495BCF36670D60978947B7 /* ImageViewController.swift in Sources */ = {isa = PBXBuildFile; fileRef = 9D8CBA1F2FF0CBB6F43CBFB0 /* ImageViewController.swift */; };
		C3E54E44066DDF9FEF7DC7EF /* MarkupEditorUIView.swift in Sources */ = {isa = PBXBuildFile; fileRef = 46EC29716E0F76635FB83BB6 /* MarkupEditorUIView.swift */; };
		C52A5F365F7C5C3D5A5DDE59 /* HtmlButtonGroup.swift in Sources */ = {isa = PBXBuildFile; fileRef = 41E9B74C988C0ECB01D892D1 /* HtmlButtonGroup.swift */; };
		C9692AAD32461BABBC93E2E7 /* View+Extensions.swift in Sources */ = {isa = PBXBuildFile; fileRef = 0E2BCE1ECCBB1A22F4325562 /* View+Extensions.swift */; };
		CA598476B8DDCF3C639F76BD /* MarkupWKWebView.swift in Sources */ = {isa = PBXBuildFile; fileRef = FEC9168018A5E852CFD3C335 /* MarkupWKWebView.swift */; };
		CAE2F502B2A9944383A863B5 /* MarkupCoordinator.swift in Sources */ = {isa = PBXBuildFile; fileRef = 4A1CD22A1462578492304120 /* MarkupCoordinator.swift */; };
		CB8F12DE8E5089334817916D /* ListContext.swift in Sources */ = {isa = PBXBuildFile; fileRef = D9C4D29E1107A43FE3CA9201 /* ListContext.swift */; };
		D1895DC2633D597D742437CD /* ToolbarStyle.swift in Sources */ = {isa = PBXBuildFile; fileRef = 117C808780895A845335DC48 /* ToolbarStyle.swift */; };
		DBCFCFF06B3422F7DF940032 /* Blur.swift in Sources */ = {isa = PBXBuildFile; fileRef = 62542BC9A10C66A620E9FA28 /* Blur.swift */; };
		DBF9C1C98DF6600145050168 /* FormatToolbar.swift in Sources */ = {isa = PBXBuildFile; fileRef = 0C47510E66BCFD661069ABE1 /* FormatToolbar.swift */; };
		DEED3996C8A6939B76DDD9B3 /* MarkupEditorView.swift in Sources */ = {isa = PBXBuildFile; fileRef = F0FCECD00D664AA19CDAA19E /* MarkupEditorView.swift */; };
		E49A8E3537AF09244F853D4B /* InsertToolbar.swift in Sources */ = {isa = PBXBuildFile; fileRef = C7ECDB66005E4C455C8F5D07 /* InsertToolbar.swift */; };
		E785368F73AD2E1FB4A63731 /* FormatContext.swift in Sources */ = {isa = PBXBuildFile; fileRef = 02FA764B5C5831DB149E75E4 /* FormatContext.swift */; };
		E91F598EC1A4681D678310C8 /* Logger+Extensions.swift in Sources */ = {isa = PBXBuildFile; fileRef = 163B2787830DE93CE2C84573 /* Logger+Extensions.swift */; };
		E961D762B7B7BA9BEA318009 /* TableSizer.swift in Sources */ = {isa = PBXBuildFile; fileRef = DC8F800298F9235442BB9AE4 /* TableSizer.swift */; };
		EDCC8E4B2E8B95E500BD39F2 /* MarkupConfiguration.swift in Sources */ = {isa = PBXBuildFile; fileRef = EDCC8E4A2E8B95E300BD39F2 /* MarkupConfiguration.swift */; };
		EE3C8A0649A6A1C26CAB46F3 /* mirror.css in Resources */ = {isa = PBXBuildFile; fileRef = 1708265B4BEDBB181DFD1C70 /* mirror.css */; };
		F73E771278B8DC8FB8D14C49 /* MarkupDivStructure.swift in Sources */ = {isa = PBXBuildFile; fileRef = D76FAF6C23BCFF3AD5DB226C /* MarkupDivStructure.swift */; };
		FCEA3F4303A311B68AD27E3F /* StyleContext.swift in Sources */ = {isa = PBXBuildFile; fileRef = 66D8B4AA884DC13B170CDD14 /* StyleContext.swift */; };
/* End PBXBuildFile section */

/* Begin PBXContainerItemProxy section */
		DA2275380C65F1DA136C5574 /* PBXContainerItemProxy */ = {
			isa = PBXContainerItemProxy;
			containerPortal = EF2C8CC67B3B3147741B5A86 /* Project object */;
			proxyType = 1;
			remoteGlobalIDString = 2EC0328262AFED7C94B378AF;
			remoteInfo = MarkupEditor_MarkupEditor;
		};
/* End PBXContainerItemProxy section */

/* Begin PBXCopyFilesBuildPhase section */
		3C52DAFD730272BD71945772 /* Embed Frameworks */ = {
			isa = PBXCopyFilesBuildPhase;
			buildActionMask = 2147483647;
			dstPath = "";
			dstSubfolderSpec = 10;
			files = (
			);
			name = "Embed Frameworks";
			runOnlyForDeploymentPostprocessing = 0;
		};
		BEB66E598BA97AE55875275A /* Embed Frameworks */ = {
			isa = PBXCopyFilesBuildPhase;
			buildActionMask = 2147483647;
			dstPath = "";
			dstSubfolderSpec = 10;
			files = (
			);
			name = "Embed Frameworks";
			runOnlyForDeploymentPostprocessing = 0;
		};
/* End PBXCopyFilesBuildPhase section */

/* Begin PBXFileReference section */
		02FA764B5C5831DB149E75E4 /* FormatContext.swift */ = {isa = PBXFileReference; lastKnownFileType = sourcecode.swift; path = FormatContext.swift; sourceTree = "<group>"; };
		0379B7068261CD5DF3F7D7F0 /* MarkupToolbarUIView.swift */ = {isa = PBXFileReference; lastKnownFileType = sourcecode.swift; path = MarkupToolbarUIView.swift; sourceTree = "<group>"; };
		083A665A897007189E5D2045 /* MarkupWKWebViewConfiguration.swift */ = {isa = PBXFileReference; lastKnownFileType = sourcecode.swift; path = MarkupWKWebViewConfiguration.swift; sourceTree = "<group>"; };
		0B010831D1322B3EFA532909 /* UIView+Extensions.swift */ = {isa = PBXFileReference; lastKnownFileType = sourcecode.swift; path = "UIView+Extensions.swift"; sourceTree = "<group>"; };
		0C47510E66BCFD661069ABE1 /* FormatToolbar.swift */ = {isa = PBXFileReference; lastKnownFileType = sourcecode.swift; path = FormatToolbar.swift; sourceTree = "<group>"; };
		0E2BCE1ECCBB1A22F4325562 /* View+Extensions.swift */ = {isa = PBXFileReference; lastKnownFileType = sourcecode.swift; path = "View+Extensions.swift"; sourceTree = "<group>"; };
		117C808780895A845335DC48 /* ToolbarStyle.swift */ = {isa = PBXFileReference; lastKnownFileType = sourcecode.swift; path = ToolbarStyle.swift; sourceTree = "<group>"; };
		163B2787830DE93CE2C84573 /* Logger+Extensions.swift */ = {isa = PBXFileReference; lastKnownFileType = sourcecode.swift; path = "Logger+Extensions.swift"; sourceTree = "<group>"; };
		1708265B4BEDBB181DFD1C70 /* mirror.css */ = {isa = PBXFileReference; lastKnownFileType = text.css; path = mirror.css; sourceTree = "<group>"; };
		1DF532824061A9CAAA1A3380 /* EditableAttributes.swift */ = {isa = PBXFileReference; lastKnownFileType = sourcecode.swift; path = EditableAttributes.swift; sourceTree = "<group>"; };
		1E4A696B15F908904A301B06 /* markup.css */ = {isa = PBXFileReference; lastKnownFileType = text.css; path = markup.css; sourceTree = "<group>"; };
		1F9646BBABEAD66D72D85FF2 /* MarkupToolbar.swift */ = {isa = PBXFileReference; lastKnownFileType = sourcecode.swift; path = MarkupToolbar.swift; sourceTree = "<group>"; };
		2190A396F64F416474C41657 /* StyleToolbar.swift */ = {isa = PBXFileReference; lastKnownFileType = sourcecode.swift; path = StyleToolbar.swift; sourceTree = "<group>"; };
		2428A2080EFA980C7EB83AEA /* ForcePopoverModifier.swift */ = {isa = PBXFileReference; lastKnownFileType = sourcecode.swift; path = ForcePopoverModifier.swift; sourceTree = "<group>"; };
		3103B342870A7E57F4DF5097 /* MarkupWKWebView+DivExtensions.swift */ = {isa = PBXFileReference; lastKnownFileType = sourcecode.swift; path = "MarkupWKWebView+DivExtensions.swift"; sourceTree = "<group>"; };
		368FE71C26D676757FC913D0 /* LinkViewController.swift */ = {isa = PBXFileReference; lastKnownFileType = sourcecode.swift; path = LinkViewController.swift; sourceTree = "<group>"; };
		37D5744A1807BE336041ECB6 /* MarkupMenu.swift */ = {isa = PBXFileReference; lastKnownFileType = sourcecode.swift; path = MarkupMenu.swift; sourceTree = "<group>"; };
		3CE739AC2A540D2A52140117 /* markup.js */ = {isa = PBXFileReference; lastKnownFileType = sourcecode.javascript; path = markup.js; sourceTree = "<group>"; };
		3D254398FB438C4106A63481 /* PopoverHostingController.swift */ = {isa = PBXFileReference; lastKnownFileType = sourcecode.swift; path = PopoverHostingController.swift; sourceTree = "<group>"; };
		41E9B74C988C0ECB01D892D1 /* HtmlButtonGroup.swift */ = {isa = PBXFileReference; lastKnownFileType = sourcecode.swift; path = HtmlButtonGroup.swift; sourceTree = "<group>"; };
		46EC29716E0F76635FB83BB6 /* MarkupEditorUIView.swift */ = {isa = PBXFileReference; lastKnownFileType = sourcecode.swift; path = MarkupEditorUIView.swift; sourceTree = "<group>"; };
		4A1CD22A1462578492304120 /* MarkupCoordinator.swift */ = {isa = PBXFileReference; lastKnownFileType = sourcecode.swift; path = MarkupCoordinator.swift; sourceTree = "<group>"; };
		539AD76CBE7BB85BC7B16662 /* MarkupEditor.framework */ = {isa = PBXFileReference; explicitFileType = wrapper.framework; includeInIndex = 0; path = MarkupEditor.framework; sourceTree = BUILT_PRODUCTS_DIR; };
		577C8BFFECD7C7198AAE6893 /* CorrectionToolbar.swift */ = {isa = PBXFileReference; lastKnownFileType = sourcecode.swift; path = CorrectionToolbar.swift; sourceTree = "<group>"; };
		6073249CB36CB9E780F90323 /* String+Extensions.swift */ = {isa = PBXFileReference; lastKnownFileType = sourcecode.swift; path = "String+Extensions.swift"; sourceTree = "<group>"; };
		61CD94AC2A1C7F1083814FF2 /* markup.html */ = {isa = PBXFileReference; lastKnownFileType = text.html; path = markup.html; sourceTree = "<group>"; };
		62542BC9A10C66A620E9FA28 /* Blur.swift */ = {isa = PBXFileReference; lastKnownFileType = sourcecode.swift; path = Blur.swift; sourceTree = "<group>"; };
		66D8B4AA884DC13B170CDD14 /* StyleContext.swift */ = {isa = PBXFileReference; lastKnownFileType = sourcecode.swift; path = StyleContext.swift; sourceTree = "<group>"; };
		6717C728725F6475A10ADC6D /* HtmlButton.swift */ = {isa = PBXFileReference; lastKnownFileType = sourcecode.swift; path = HtmlButton.swift; sourceTree = "<group>"; };
		7B3EE5CED4F83D7179CA0398 /* HtmlDiv.swift */ = {isa = PBXFileReference; lastKnownFileType = sourcecode.swift; path = HtmlDiv.swift; sourceTree = "<group>"; };
		8220FB891CC090214E1D709F /* MarkupDelegate.swift */ = {isa = PBXFileReference; lastKnownFileType = sourcecode.swift; path = MarkupDelegate.swift; sourceTree = "<group>"; };
		96C1318D5ABFD45028D0705E /* MarkupEditor.swift */ = {isa = PBXFileReference; lastKnownFileType = sourcecode.swift; path = MarkupEditor.swift; sourceTree = "<group>"; };
		983468B223FFDA8588FC9647 /* LabeledToolbar.swift */ = {isa = PBXFileReference; lastKnownFileType = sourcecode.swift; path = LabeledToolbar.swift; sourceTree = "<group>"; };
		9D8CBA1F2FF0CBB6F43CBFB0 /* ImageViewController.swift */ = {isa = PBXFileReference; lastKnownFileType = sourcecode.swift; path = ImageViewController.swift; sourceTree = "<group>"; };
		A977F5C7EA4B58E37857F607 /* SelectionState.swift */ = {isa = PBXFileReference; lastKnownFileType = sourcecode.swift; path = SelectionState.swift; sourceTree = "<group>"; };
		B49C6CE2FAADFAF1973F720D /* TableToolbar.swift */ = {isa = PBXFileReference; lastKnownFileType = sourcecode.swift; path = TableToolbar.swift; sourceTree = "<group>"; };
		B55BB4840D42ECE5DCF20D43 /* Icons.swift */ = {isa = PBXFileReference; lastKnownFileType = sourcecode.swift; path = Icons.swift; sourceTree = "<group>"; };
		C7ECDB66005E4C455C8F5D07 /* InsertToolbar.swift */ = {isa = PBXFileReference; lastKnownFileType = sourcecode.swift; path = InsertToolbar.swift; sourceTree = "<group>"; };
		D76FAF6C23BCFF3AD5DB226C /* MarkupDivStructure.swift */ = {isa = PBXFileReference; lastKnownFileType = sourcecode.swift; path = MarkupDivStructure.swift; sourceTree = "<group>"; };
		D9C4D29E1107A43FE3CA9201 /* ListContext.swift */ = {isa = PBXFileReference; lastKnownFileType = sourcecode.swift; path = ListContext.swift; sourceTree = "<group>"; };
		DC8F800298F9235442BB9AE4 /* TableSizer.swift */ = {isa = PBXFileReference; lastKnownFileType = sourcecode.swift; path = TableSizer.swift; sourceTree = "<group>"; };
		E573314BB7B9B6116B821166 /* MarkupEditor_MarkupEditor-Info.plist */ = {isa = PBXFileReference; lastKnownFileType = text.plist; path = "MarkupEditor_MarkupEditor-Info.plist"; sourceTree = "<group>"; };
		E72998AA16969C3C8FDD3C87 /* ToolbarButton.swift */ = {isa = PBXFileReference; lastKnownFileType = sourcecode.swift; path = ToolbarButton.swift; sourceTree = "<group>"; };
		EB8F92F8CE2FEE44C9A253F0 /* MarkupWKWebViewRepresentable.swift */ = {isa = PBXFileReference; lastKnownFileType = sourcecode.swift; path = MarkupWKWebViewRepresentable.swift; sourceTree = "<group>"; };
		ED71E4FEA0ABCF998E22B86C /* HtmlDivHolder.swift */ = {isa = PBXFileReference; lastKnownFileType = sourcecode.swift; path = HtmlDivHolder.swift; sourceTree = "<group>"; };
		EDCC8E4A2E8B95E300BD39F2 /* MarkupConfiguration.swift */ = {isa = PBXFileReference; lastKnownFileType = sourcecode.swift; path = MarkupConfiguration.swift; sourceTree = "<group>"; };
		EE83CCCD44C039659AE6EC8B /* ToolbarContents.swift */ = {isa = PBXFileReference; lastKnownFileType = sourcecode.swift; path = ToolbarContents.swift; sourceTree = "<group>"; };
		F0FCECD00D664AA19CDAA19E /* MarkupEditorView.swift */ = {isa = PBXFileReference; lastKnownFileType = sourcecode.swift; path = MarkupEditorView.swift; sourceTree = "<group>"; };
		F90533024D1283C7DBC0F8CA /* MarkupEditor_MarkupEditor.bundle */ = {isa = PBXFileReference; explicitFileType = wrapper.cfbundle; includeInIndex = 0; path = MarkupEditor_MarkupEditor.bundle; sourceTree = BUILT_PRODUCTS_DIR; };
		FBB530BE036A0D0D1B58B498 /* TuistBundle+MarkupEditor.swift */ = {isa = PBXFileReference; lastKnownFileType = sourcecode.swift; path = "TuistBundle+MarkupEditor.swift"; sourceTree = "<group>"; };
		FD22F7D6EE9C83F8C6E2B6E5 /* MarkupEditor-Info.plist */ = {isa = PBXFileReference; lastKnownFileType = text.plist; path = "MarkupEditor-Info.plist"; sourceTree = "<group>"; };
		FEC9168018A5E852CFD3C335 /* MarkupWKWebView.swift */ = {isa = PBXFileReference; lastKnownFileType = sourcecode.swift; path = MarkupWKWebView.swift; sourceTree = "<group>"; };
/* End PBXFileReference section */

/* Begin PBXFrameworksBuildPhase section */
		0D355A62BEF84826E76E4A10 /* Frameworks */ = {
			isa = PBXFrameworksBuildPhase;
			buildActionMask = 2147483647;
			files = (
			);
			runOnlyForDeploymentPostprocessing = 0;
		};
		84879E6B4E695A71E5A7C861 /* Frameworks */ = {
			isa = PBXFrameworksBuildPhase;
			buildActionMask = 2147483647;
			files = (
			);
			runOnlyForDeploymentPostprocessing = 0;
		};
/* End PBXFrameworksBuildPhase section */

/* Begin PBXGroup section */
		012B5AB82D03B896F72509C2 /* Derived */ = {
			isa = PBXGroup;
			children = (
				127FFBF20574543674A62AAE /* InfoPlists */,
				80FCF98A826A8BBF0964C991 /* Sources */,
			);
			path = Derived;
			sourceTree = "<group>";
		};
		0CADD6B829A5C9B8E3BFA39A /* Project */ = {
			isa = PBXGroup;
			children = (
				012B5AB82D03B896F72509C2 /* Derived */,
				EA7E5476172A61A9334505DA /* MarkupEditor */,
			);
			name = Project;
			sourceTree = "<group>";
		};
		0CD4CF242DFEF659FA013162 /* Products */ = {
			isa = PBXGroup;
			children = (
				F90533024D1283C7DBC0F8CA /* MarkupEditor_MarkupEditor.bundle */,
				539AD76CBE7BB85BC7B16662 /* MarkupEditor.framework */,
			);
			name = Products;
			sourceTree = "<group>";
		};
		0E8CA7566A606697505CE5FE = {
			isa = PBXGroup;
			children = (
				0CD4CF242DFEF659FA013162 /* Products */,
				0CADD6B829A5C9B8E3BFA39A /* Project */,
			);
			sourceTree = "<group>";
		};
		127FFBF20574543674A62AAE /* InfoPlists */ = {
			isa = PBXGroup;
			children = (
				E573314BB7B9B6116B821166 /* MarkupEditor_MarkupEditor-Info.plist */,
				FD22F7D6EE9C83F8C6E2B6E5 /* MarkupEditor-Info.plist */,
			);
			path = InfoPlists;
			sourceTree = "<group>";
		};
		3F6CA820BC469D1B66E42E35 /* Resources */ = {
			isa = PBXGroup;
			children = (
				1E4A696B15F908904A301B06 /* markup.css */,
				61CD94AC2A1C7F1083814FF2 /* markup.html */,
				3CE739AC2A540D2A52140117 /* markup.js */,
				1708265B4BEDBB181DFD1C70 /* mirror.css */,
			);
			path = Resources;
			sourceTree = "<group>";
		};
		80FCF98A826A8BBF0964C991 /* Sources */ = {
			isa = PBXGroup;
			children = (
				FBB530BE036A0D0D1B58B498 /* TuistBundle+MarkupEditor.swift */,
			);
			path = Sources;
			sourceTree = "<group>";
		};
		EA7E5476172A61A9334505DA /* MarkupEditor */ = {
			isa = PBXGroup;
			children = (
				EDCC8E4A2E8B95E300BD39F2 /* MarkupConfiguration.swift */,
				3F6CA820BC469D1B66E42E35 /* Resources */,
				62542BC9A10C66A620E9FA28 /* Blur.swift */,
				577C8BFFECD7C7198AAE6893 /* CorrectionToolbar.swift */,
				1DF532824061A9CAAA1A3380 /* EditableAttributes.swift */,
				2428A2080EFA980C7EB83AEA /* ForcePopoverModifier.swift */,
				02FA764B5C5831DB149E75E4 /* FormatContext.swift */,
				0C47510E66BCFD661069ABE1 /* FormatToolbar.swift */,
				6717C728725F6475A10ADC6D /* HtmlButton.swift */,
				41E9B74C988C0ECB01D892D1 /* HtmlButtonGroup.swift */,
				7B3EE5CED4F83D7179CA0398 /* HtmlDiv.swift */,
				ED71E4FEA0ABCF998E22B86C /* HtmlDivHolder.swift */,
				B55BB4840D42ECE5DCF20D43 /* Icons.swift */,
				9D8CBA1F2FF0CBB6F43CBFB0 /* ImageViewController.swift */,
				C7ECDB66005E4C455C8F5D07 /* InsertToolbar.swift */,
				983468B223FFDA8588FC9647 /* LabeledToolbar.swift */,
				368FE71C26D676757FC913D0 /* LinkViewController.swift */,
				D9C4D29E1107A43FE3CA9201 /* ListContext.swift */,
				163B2787830DE93CE2C84573 /* Logger+Extensions.swift */,
				4A1CD22A1462578492304120 /* MarkupCoordinator.swift */,
				8220FB891CC090214E1D709F /* MarkupDelegate.swift */,
				D76FAF6C23BCFF3AD5DB226C /* MarkupDivStructure.swift */,
				96C1318D5ABFD45028D0705E /* MarkupEditor.swift */,
				46EC29716E0F76635FB83BB6 /* MarkupEditorUIView.swift */,
				F0FCECD00D664AA19CDAA19E /* MarkupEditorView.swift */,
				37D5744A1807BE336041ECB6 /* MarkupMenu.swift */,
				1F9646BBABEAD66D72D85FF2 /* MarkupToolbar.swift */,
				0379B7068261CD5DF3F7D7F0 /* MarkupToolbarUIView.swift */,
				FEC9168018A5E852CFD3C335 /* MarkupWKWebView.swift */,
				3103B342870A7E57F4DF5097 /* MarkupWKWebView+DivExtensions.swift */,
				083A665A897007189E5D2045 /* MarkupWKWebViewConfiguration.swift */,
				EB8F92F8CE2FEE44C9A253F0 /* MarkupWKWebViewRepresentable.swift */,
				3D254398FB438C4106A63481 /* PopoverHostingController.swift */,
				A977F5C7EA4B58E37857F607 /* SelectionState.swift */,
				6073249CB36CB9E780F90323 /* String+Extensions.swift */,
				66D8B4AA884DC13B170CDD14 /* StyleContext.swift */,
				2190A396F64F416474C41657 /* StyleToolbar.swift */,
				DC8F800298F9235442BB9AE4 /* TableSizer.swift */,
				B49C6CE2FAADFAF1973F720D /* TableToolbar.swift */,
				E72998AA16969C3C8FDD3C87 /* ToolbarButton.swift */,
				EE83CCCD44C039659AE6EC8B /* ToolbarContents.swift */,
				117C808780895A845335DC48 /* ToolbarStyle.swift */,
				0B010831D1322B3EFA532909 /* UIView+Extensions.swift */,
				0E2BCE1ECCBB1A22F4325562 /* View+Extensions.swift */,
			);
			path = MarkupEditor;
			sourceTree = "<group>";
		};
/* End PBXGroup section */

/* Begin PBXNativeTarget section */
		2EC0328262AFED7C94B378AF /* MarkupEditor_MarkupEditor */ = {
			isa = PBXNativeTarget;
			buildConfigurationList = DB939F565B346D00220531C5 /* Build configuration list for PBXNativeTarget "MarkupEditor_MarkupEditor" */;
			buildPhases = (
				A0879FBE7BBDC472FED6BECD /* Sources */,
				DF55F05906BED335469AB5FD /* Resources */,
				84879E6B4E695A71E5A7C861 /* Frameworks */,
				BEB66E598BA97AE55875275A /* Embed Frameworks */,
			);
			buildRules = (
			);
			dependencies = (
			);
			name = MarkupEditor_MarkupEditor;
			packageProductDependencies = (
			);
			productName = MarkupEditor_MarkupEditor;
			productReference = F90533024D1283C7DBC0F8CA /* MarkupEditor_MarkupEditor.bundle */;
			productType = "com.apple.product-type.bundle";
		};
		676BF812D035C604398F748B /* MarkupEditor */ = {
			isa = PBXNativeTarget;
			buildConfigurationList = 7A3545E85C1E95032790C3FD /* Build configuration list for PBXNativeTarget "MarkupEditor" */;
			buildPhases = (
				BD494D2D19F35686368B3BA9 /* Sources */,
				5F4B285B3D5FEE3529F5AEA8 /* Resources */,
				0D355A62BEF84826E76E4A10 /* Frameworks */,
				3C52DAFD730272BD71945772 /* Embed Frameworks */,
			);
			buildRules = (
			);
			dependencies = (
				D90CCA642A923123EC20EB38 /* PBXTargetDependency */,
			);
			name = MarkupEditor;
			packageProductDependencies = (
			);
			productName = MarkupEditor;
			productReference = 539AD76CBE7BB85BC7B16662 /* MarkupEditor.framework */;
			productType = "com.apple.product-type.framework";
		};
/* End PBXNativeTarget section */

/* Begin PBXProject section */
		EF2C8CC67B3B3147741B5A86 /* Project object */ = {
			isa = PBXProject;
			attributes = {
				BuildIndependentTargetsInParallel = YES;
				LastUpgradeCheck = 9999;
			};
			buildConfigurationList = C74D91DA000033EE1162D13E /* Build configuration list for PBXProject "MarkupEditor" */;
			compatibilityVersion = "Xcode 14.0";
			developmentRegion = en;
			hasScannedForEncodings = 0;
			knownRegions = (
				Base,
				en,
			);
			mainGroup = 0E8CA7566A606697505CE5FE;
			productRefGroup = 0CD4CF242DFEF659FA013162 /* Products */;
			projectDirPath = "";
			projectRoot = "";
			targets = (
				676BF812D035C604398F748B /* MarkupEditor */,
				2EC0328262AFED7C94B378AF /* MarkupEditor_MarkupEditor */,
			);
		};
/* End PBXProject section */

/* Begin PBXResourcesBuildPhase section */
		5F4B285B3D5FEE3529F5AEA8 /* Resources */ = {
			isa = PBXResourcesBuildPhase;
			buildActionMask = 2147483647;
			files = (
			);
			runOnlyForDeploymentPostprocessing = 0;
		};
		DF55F05906BED335469AB5FD /* Resources */ = {
			isa = PBXResourcesBuildPhase;
			buildActionMask = 2147483647;
			files = (
				18549B05AD0122AF9440CCF4 /* markup.css in Resources */,
				995DECE0B0C99E466C6D6924 /* markup.html in Resources */,
				A50A71D888D3EAE1FE6739D2 /* markup.js in Resources */,
				EE3C8A0649A6A1C26CAB46F3 /* mirror.css in Resources */,
			);
			runOnlyForDeploymentPostprocessing = 0;
		};
/* End PBXResourcesBuildPhase section */

/* Begin PBXSourcesBuildPhase section */
		A0879FBE7BBDC472FED6BECD /* Sources */ = {
			isa = PBXSourcesBuildPhase;
			buildActionMask = 2147483647;
			files = (
			);
			runOnlyForDeploymentPostprocessing = 0;
		};
		BD494D2D19F35686368B3BA9 /* Sources */ = {
			isa = PBXSourcesBuildPhase;
			buildActionMask = 2147483647;
			files = (
				0908F816B463C64170DB73DC /* TuistBundle+MarkupEditor.swift in Sources */,
				DBCFCFF06B3422F7DF940032 /* Blur.swift in Sources */,
				6B6519D00BB601D2E9B8C8BC /* CorrectionToolbar.swift in Sources */,
				05A12A1DE4D1166F9A760BA6 /* EditableAttributes.swift in Sources */,
				A2FB02074A9E1AD725B46F4D /* ForcePopoverModifier.swift in Sources */,
				E785368F73AD2E1FB4A63731 /* FormatContext.swift in Sources */,
				DBF9C1C98DF6600145050168 /* FormatToolbar.swift in Sources */,
				63E88AC4D1AA16D4AA967902 /* HtmlButton.swift in Sources */,
				C52A5F365F7C5C3D5A5DDE59 /* HtmlButtonGroup.swift in Sources */,
				31C40D88148ED30704D43FBD /* HtmlDiv.swift in Sources */,
				19030818CD0E2CFCAB1A241D /* HtmlDivHolder.swift in Sources */,
				B461D58EE4BC53AB191B4539 /* Icons.swift in Sources */,
				C1495BCF36670D60978947B7 /* ImageViewController.swift in Sources */,
				E49A8E3537AF09244F853D4B /* InsertToolbar.swift in Sources */,
				41DB023BD2D9251597FD3494 /* LabeledToolbar.swift in Sources */,
				B897C6F9B150E4857120386B /* LinkViewController.swift in Sources */,
				CB8F12DE8E5089334817916D /* ListContext.swift in Sources */,
				E91F598EC1A4681D678310C8 /* Logger+Extensions.swift in Sources */,
				EDCC8E4B2E8B95E500BD39F2 /* MarkupConfiguration.swift in Sources */,
				CAE2F502B2A9944383A863B5 /* MarkupCoordinator.swift in Sources */,
				B03ECF92D53312F1E9C4842D /* MarkupDelegate.swift in Sources */,
				F73E771278B8DC8FB8D14C49 /* MarkupDivStructure.swift in Sources */,
				169F694C9E89380BE18CB22D /* MarkupEditor.swift in Sources */,
				C3E54E44066DDF9FEF7DC7EF /* MarkupEditorUIView.swift in Sources */,
				DEED3996C8A6939B76DDD9B3 /* MarkupEditorView.swift in Sources */,
				9EB9D5FB0290755BF8F02ADF /* MarkupMenu.swift in Sources */,
				05ADC2AEDB3361EECE26C6D1 /* MarkupToolbar.swift in Sources */,
				16A6461918EA84AD85B7142C /* MarkupToolbarUIView.swift in Sources */,
				1F20384A3815794014223125 /* MarkupWKWebView+DivExtensions.swift in Sources */,
				CA598476B8DDCF3C639F76BD /* MarkupWKWebView.swift in Sources */,
				3CBA9CAB17F3928B15518912 /* MarkupWKWebViewConfiguration.swift in Sources */,
				32ECC71F1542AAA6BB0FF11B /* MarkupWKWebViewRepresentable.swift in Sources */,
				0A356EA72DFD60EAE603CAE0 /* PopoverHostingController.swift in Sources */,
				767D8C64846F9C373D55C6BE /* SelectionState.swift in Sources */,
				128E074B9CF3ED88789861D7 /* String+Extensions.swift in Sources */,
				FCEA3F4303A311B68AD27E3F /* StyleContext.swift in Sources */,
				83DFD7C67BB3E66F49D6D890 /* StyleToolbar.swift in Sources */,
				E961D762B7B7BA9BEA318009 /* TableSizer.swift in Sources */,
				6F4D565E12CAE9E56DCBA353 /* TableToolbar.swift in Sources */,
				4B9CB15C60ABE70CD25235CE /* ToolbarButton.swift in Sources */,
				2939224DE542ECC3DE84EB4E /* ToolbarContents.swift in Sources */,
				D1895DC2633D597D742437CD /* ToolbarStyle.swift in Sources */,
				356BC57DBDB9BB7E7714ECFE /* UIView+Extensions.swift in Sources */,
				C9692AAD32461BABBC93E2E7 /* View+Extensions.swift in Sources */,
			);
			runOnlyForDeploymentPostprocessing = 0;
		};
/* End PBXSourcesBuildPhase section */

/* Begin PBXTargetDependency section */
		D90CCA642A923123EC20EB38 /* PBXTargetDependency */ = {
			isa = PBXTargetDependency;
			name = MarkupEditor_MarkupEditor;
			target = 2EC0328262AFED7C94B378AF /* MarkupEditor_MarkupEditor */;
			targetProxy = DA2275380C65F1DA136C5574 /* PBXContainerItemProxy */;
		};
/* End PBXTargetDependency section */

/* Begin XCBuildConfiguration section */
		16C5C772348CF7FF5F18E776 /* Debug */ = {
			isa = XCBuildConfiguration;
			buildSettings = {
				CODE_SIGN_IDENTITY = "";
				"CODE_SIGN_IDENTITY[sdk=macosx*]" = "-";
				CURRENT_PROJECT_VERSION = 1;
				DEFINES_MODULE = YES;
				DERIVE_MACCATALYST_PRODUCT_BUNDLE_IDENTIFIER = YES;
				DYLIB_COMPATIBILITY_VERSION = 1;
				DYLIB_CURRENT_VERSION = 1;
				DYLIB_INSTALL_NAME_BASE = "@rpath";
				INFOPLIST_FILE = "Derived/InfoPlists/MarkupEditor-Info.plist";
				INSTALL_PATH = "$(LOCAL_LIBRARY_DIR)/Frameworks";
				IPHONEOS_DEPLOYMENT_TARGET = 16.0;
				LD_RUNPATH_SEARCH_PATHS = (
					"$(inherited)",
					"@executable_path/Frameworks",
					"@loader_path/Frameworks",
				);
				MACH_O_TYPE = staticlib;
				OTHER_SWIFT_FLAGS = "$(inherited)";
				PRODUCT_BUNDLE_IDENTIFIER = MarkupEditor;
				PRODUCT_NAME = MarkupEditor;
				SDKROOT = iphoneos;
				SKIP_INSTALL = YES;
				SUPPORTS_MACCATALYST = YES;
				SUPPORTS_MAC_DESIGNED_FOR_IPHONE_IPAD = YES;
				SUPPORTS_XR_DESIGNED_FOR_IPHONE_IPAD = YES;
				SWIFT_ACTIVE_COMPILATION_CONDITIONS = "$(inherited) DEBUG";
				SWIFT_COMPILATION_MODE = singlefile;
				SWIFT_OPTIMIZATION_LEVEL = "-Onone";
				SWIFT_VERSION = 5.0;
				TARGETED_DEVICE_FAMILY = "1,2,6";
				VERSIONING_SYSTEM = "apple-generic";
				VERSION_INFO_PREFIX = "";
			};
			name = Debug;
		};
		1F32B74938BB3706B73FE435 /* Release */ = {
			isa = XCBuildConfiguration;
			buildSettings = {
				CODE_SIGNING_ALLOWED = NO;
				CODE_SIGN_IDENTITY = "iPhone Developer";
				"CODE_SIGN_IDENTITY[sdk=macosx*]" = "-";
				DERIVE_MACCATALYST_PRODUCT_BUNDLE_IDENTIFIER = YES;
				GENERATE_MASTER_OBJECT_FILE = NO;
				INFOPLIST_FILE = "Derived/InfoPlists/MarkupEditor_MarkupEditor-Info.plist";
				IPHONEOS_DEPLOYMENT_TARGET = 16.0;
				PRODUCT_BUNDLE_IDENTIFIER = MarkupEditor.generated.resources;
				PRODUCT_NAME = MarkupEditor_MarkupEditor;
				SDKROOT = iphoneos;
				SKIP_INSTALL = YES;
				SUPPORTS_MACCATALYST = YES;
				SUPPORTS_MAC_DESIGNED_FOR_IPHONE_IPAD = YES;
				SUPPORTS_XR_DESIGNED_FOR_IPHONE_IPAD = YES;
				SWIFT_COMPILATION_MODE = wholemodule;
				SWIFT_OPTIMIZATION_LEVEL = "-O";
				SWIFT_VERSION = 5.0;
				TARGETED_DEVICE_FAMILY = "1,2,6";
				VERSIONING_SYSTEM = "";
			};
			name = Release;
		};
		5D0FFBEB71CE168A593F4C19 /* Release */ = {
			isa = XCBuildConfiguration;
			buildSettings = {
				CODE_SIGN_IDENTITY = "";
				"CODE_SIGN_IDENTITY[sdk=macosx*]" = "-";
				CURRENT_PROJECT_VERSION = 1;
				DEFINES_MODULE = YES;
				DERIVE_MACCATALYST_PRODUCT_BUNDLE_IDENTIFIER = YES;
				DYLIB_COMPATIBILITY_VERSION = 1;
				DYLIB_CURRENT_VERSION = 1;
				DYLIB_INSTALL_NAME_BASE = "@rpath";
				INFOPLIST_FILE = "Derived/InfoPlists/MarkupEditor-Info.plist";
				INSTALL_PATH = "$(LOCAL_LIBRARY_DIR)/Frameworks";
				IPHONEOS_DEPLOYMENT_TARGET = 16.0;
				LD_RUNPATH_SEARCH_PATHS = (
					"$(inherited)",
					"@executable_path/Frameworks",
					"@loader_path/Frameworks",
				);
				MACH_O_TYPE = staticlib;
				OTHER_SWIFT_FLAGS = "$(inherited)";
				PRODUCT_BUNDLE_IDENTIFIER = MarkupEditor;
				PRODUCT_NAME = MarkupEditor;
				SDKROOT = iphoneos;
				SKIP_INSTALL = YES;
				SUPPORTS_MACCATALYST = YES;
				SUPPORTS_MAC_DESIGNED_FOR_IPHONE_IPAD = YES;
				SUPPORTS_XR_DESIGNED_FOR_IPHONE_IPAD = YES;
				SWIFT_COMPILATION_MODE = wholemodule;
				SWIFT_OPTIMIZATION_LEVEL = "-O";
				SWIFT_VERSION = 5.0;
				TARGETED_DEVICE_FAMILY = "1,2,6";
				VERSIONING_SYSTEM = "apple-generic";
				VERSION_INFO_PREFIX = "";
			};
			name = Release;
		};
		77F5AE2E8EF7E13517C443D4 /* Debug */ = {
			isa = XCBuildConfiguration;
			buildSettings = {
				CODE_SIGNING_ALLOWED = NO;
				CODE_SIGN_IDENTITY = "iPhone Developer";
				"CODE_SIGN_IDENTITY[sdk=macosx*]" = "-";
				DERIVE_MACCATALYST_PRODUCT_BUNDLE_IDENTIFIER = YES;
				GENERATE_MASTER_OBJECT_FILE = NO;
				INFOPLIST_FILE = "Derived/InfoPlists/MarkupEditor_MarkupEditor-Info.plist";
				IPHONEOS_DEPLOYMENT_TARGET = 16.0;
				PRODUCT_BUNDLE_IDENTIFIER = MarkupEditor.generated.resources;
				PRODUCT_NAME = MarkupEditor_MarkupEditor;
				SDKROOT = iphoneos;
				SKIP_INSTALL = YES;
				SUPPORTS_MACCATALYST = YES;
				SUPPORTS_MAC_DESIGNED_FOR_IPHONE_IPAD = YES;
				SUPPORTS_XR_DESIGNED_FOR_IPHONE_IPAD = YES;
				SWIFT_ACTIVE_COMPILATION_CONDITIONS = "$(inherited) DEBUG";
				SWIFT_COMPILATION_MODE = singlefile;
				SWIFT_OPTIMIZATION_LEVEL = "-Onone";
				SWIFT_VERSION = 5.0;
				TARGETED_DEVICE_FAMILY = "1,2,6";
				VERSIONING_SYSTEM = "";
			};
			name = Debug;
		};
		7D6F2292108E0A0C96343A04 /* Release */ = {
			isa = XCBuildConfiguration;
			buildSettings = {
				ALWAYS_SEARCH_USER_PATHS = YES;
				CLANG_ANALYZER_LOCALIZABILITY_NONLOCALIZED = YES;
				CLANG_ANALYZER_NONNULL = YES;
				CLANG_ANALYZER_NUMBER_OBJECT_CONVERSION = YES_AGGRESSIVE;
				CLANG_CXX_LANGUAGE_STANDARD = "gnu++14";
				CLANG_CXX_LIBRARY = "libc++";
				CLANG_ENABLE_MODULES = YES;
				CLANG_ENABLE_OBJC_ARC = YES;
				CLANG_ENABLE_OBJC_WEAK = NO;
				CLANG_WARN_BLOCK_CAPTURE_AUTORELEASING = YES;
				CLANG_WARN_BOOL_CONVERSION = YES;
				CLANG_WARN_COMMA = YES;
				CLANG_WARN_CONSTANT_CONVERSION = YES;
				CLANG_WARN_DEPRECATED_OBJC_IMPLEMENTATIONS = YES;
				CLANG_WARN_DIRECT_OBJC_ISA_USAGE = YES_ERROR;
				CLANG_WARN_DOCUMENTATION_COMMENTS = YES;
				CLANG_WARN_EMPTY_BODY = YES;
				CLANG_WARN_ENUM_CONVERSION = YES;
				CLANG_WARN_INFINITE_RECURSION = YES;
				CLANG_WARN_INT_CONVERSION = YES;
				CLANG_WARN_NON_LITERAL_NULL_CONVERSION = YES;
				CLANG_WARN_OBJC_IMPLICIT_RETAIN_SELF = YES;
				CLANG_WARN_OBJC_LITERAL_CONVERSION = YES;
				CLANG_WARN_OBJC_ROOT_CLASS = YES_ERROR;
				CLANG_WARN_QUOTED_INCLUDE_IN_FRAMEWORK_HEADER = NO;
				CLANG_WARN_RANGE_LOOP_ANALYSIS = YES;
				CLANG_WARN_STRICT_PROTOTYPES = YES;
				CLANG_WARN_SUSPICIOUS_MOVE = YES;
				CLANG_WARN_UNGUARDED_AVAILABILITY = YES_AGGRESSIVE;
				CLANG_WARN_UNREACHABLE_CODE = YES;
				CLANG_WARN__DUPLICATE_METHOD_MATCH = YES;
				COPY_PHASE_STRIP = NO;
				DEAD_CODE_STRIPPING = YES;
				DEBUG_INFORMATION_FORMAT = "dwarf-with-dsym";
				ENABLE_NS_ASSERTIONS = NO;
				ENABLE_STRICT_OBJC_MSGSEND = NO;
				FRAMEWORK_SEARCH_PATHS = (
					"$(inherited)",
					"$(PLATFORM_DIR)/Developer/Library/Frameworks",
				);
				GCC_C_LANGUAGE_STANDARD = gnu11;
				GCC_NO_COMMON_BLOCKS = NO;
				GCC_PREPROCESSOR_DEFINITIONS = (
					"$(inherited)",
					"SWIFT_PACKAGE=1",
				);
				GCC_WARN_64_TO_32_BIT_CONVERSION = YES;
				GCC_WARN_ABOUT_RETURN_TYPE = YES_ERROR;
				GCC_WARN_INHIBIT_ALL_WARNINGS = YES;
				GCC_WARN_UNDECLARED_SELECTOR = YES;
				GCC_WARN_UNINITIALIZED_AUTOS = YES_AGGRESSIVE;
				GCC_WARN_UNUSED_FUNCTION = YES;
				GCC_WARN_UNUSED_VARIABLE = YES;
				MTL_ENABLE_DEBUG_INFO = NO;
				OTHER_SWIFT_FLAGS = "$(inherited) -package-name MarkupEditor";
				PRODUCT_NAME = "$(TARGET_NAME)";
				SWIFT_ACTIVE_COMPILATION_CONDITIONS = "$(inherited) SWIFT_PACKAGE";
				SWIFT_SUPPRESS_WARNINGS = YES;
				USE_HEADERMAP = NO;
				VALIDATE_PRODUCT = YES;
			};
			name = Release;
		};
		F816602B244814FEC2E35C9D /* Debug */ = {
			isa = XCBuildConfiguration;
			buildSettings = {
				ALWAYS_SEARCH_USER_PATHS = YES;
				CLANG_ANALYZER_LOCALIZABILITY_NONLOCALIZED = YES;
				CLANG_ANALYZER_NONNULL = YES;
				CLANG_ANALYZER_NUMBER_OBJECT_CONVERSION = YES_AGGRESSIVE;
				CLANG_CXX_LANGUAGE_STANDARD = "gnu++14";
				CLANG_CXX_LIBRARY = "libc++";
				CLANG_ENABLE_MODULES = YES;
				CLANG_ENABLE_OBJC_ARC = YES;
				CLANG_ENABLE_OBJC_WEAK = NO;
				CLANG_WARN_BLOCK_CAPTURE_AUTORELEASING = YES;
				CLANG_WARN_BOOL_CONVERSION = YES;
				CLANG_WARN_COMMA = YES;
				CLANG_WARN_CONSTANT_CONVERSION = YES;
				CLANG_WARN_DEPRECATED_OBJC_IMPLEMENTATIONS = YES;
				CLANG_WARN_DIRECT_OBJC_ISA_USAGE = YES_ERROR;
				CLANG_WARN_DOCUMENTATION_COMMENTS = YES;
				CLANG_WARN_EMPTY_BODY = YES;
				CLANG_WARN_ENUM_CONVERSION = YES;
				CLANG_WARN_INFINITE_RECURSION = YES;
				CLANG_WARN_INT_CONVERSION = YES;
				CLANG_WARN_NON_LITERAL_NULL_CONVERSION = YES;
				CLANG_WARN_OBJC_IMPLICIT_RETAIN_SELF = YES;
				CLANG_WARN_OBJC_LITERAL_CONVERSION = YES;
				CLANG_WARN_OBJC_ROOT_CLASS = YES_ERROR;
				CLANG_WARN_QUOTED_INCLUDE_IN_FRAMEWORK_HEADER = NO;
				CLANG_WARN_RANGE_LOOP_ANALYSIS = YES;
				CLANG_WARN_STRICT_PROTOTYPES = YES;
				CLANG_WARN_SUSPICIOUS_MOVE = YES;
				CLANG_WARN_UNGUARDED_AVAILABILITY = YES_AGGRESSIVE;
				CLANG_WARN_UNREACHABLE_CODE = YES;
				CLANG_WARN__DUPLICATE_METHOD_MATCH = YES;
				COPY_PHASE_STRIP = NO;
				DEAD_CODE_STRIPPING = YES;
				DEBUG_INFORMATION_FORMAT = dwarf;
				ENABLE_STRICT_OBJC_MSGSEND = NO;
				ENABLE_TESTABILITY = YES;
				FRAMEWORK_SEARCH_PATHS = (
					"$(inherited)",
					"$(PLATFORM_DIR)/Developer/Library/Frameworks",
				);
				GCC_C_LANGUAGE_STANDARD = gnu11;
				GCC_DYNAMIC_NO_PIC = NO;
				GCC_NO_COMMON_BLOCKS = NO;
				GCC_OPTIMIZATION_LEVEL = 0;
				GCC_PREPROCESSOR_DEFINITIONS = (
					"$(inherited)",
					"DEBUG=1",
					"SWIFT_PACKAGE=1",
				);
				GCC_WARN_64_TO_32_BIT_CONVERSION = YES;
				GCC_WARN_ABOUT_RETURN_TYPE = YES_ERROR;
				GCC_WARN_INHIBIT_ALL_WARNINGS = YES;
				GCC_WARN_UNDECLARED_SELECTOR = YES;
				GCC_WARN_UNINITIALIZED_AUTOS = YES_AGGRESSIVE;
				GCC_WARN_UNUSED_FUNCTION = YES;
				GCC_WARN_UNUSED_VARIABLE = YES;
				MTL_ENABLE_DEBUG_INFO = YES;
				ONLY_ACTIVE_ARCH = YES;
				OTHER_SWIFT_FLAGS = "$(inherited) -package-name MarkupEditor";
				PRODUCT_NAME = "$(TARGET_NAME)";
				SWIFT_ACTIVE_COMPILATION_CONDITIONS = "$(inherited) SWIFT_PACKAGE";
				SWIFT_SUPPRESS_WARNINGS = YES;
				USE_HEADERMAP = NO;
			};
			name = Debug;
		};
/* End XCBuildConfiguration section */

/* Begin XCConfigurationList section */
		7A3545E85C1E95032790C3FD /* Build configuration list for PBXNativeTarget "MarkupEditor" */ = {
			isa = XCConfigurationList;
			buildConfigurations = (
				16C5C772348CF7FF5F18E776 /* Debug */,
				5D0FFBEB71CE168A593F4C19 /* Release */,
			);
			defaultConfigurationIsVisible = 0;
			defaultConfigurationName = Release;
		};
		C74D91DA000033EE1162D13E /* Build configuration list for PBXProject "MarkupEditor" */ = {
			isa = XCConfigurationList;
			buildConfigurations = (
				F816602B244814FEC2E35C9D /* Debug */,
				7D6F2292108E0A0C96343A04 /* Release */,
			);
			defaultConfigurationIsVisible = 0;
			defaultConfigurationName = Release;
		};
		DB939F565B346D00220531C5 /* Build configuration list for PBXNativeTarget "MarkupEditor_MarkupEditor" */ = {
			isa = XCConfigurationList;
			buildConfigurations = (
				77F5AE2E8EF7E13517C443D4 /* Debug */,
				1F32B74938BB3706B73FE435 /* Release */,
			);
			defaultConfigurationIsVisible = 0;
			defaultConfigurationName = Release;
		};
/* End XCConfigurationList section */
	};
	rootObject = EF2C8CC67B3B3147741B5A86 /* Project object */;
}
